{
  "name": "gps-to-gpx",
  "version": "1.0.0",
  "lockfileVersion": 2,
  "requires": true,
  "packages": {
    "": {
      "name": "gps-to-gpx",
      "version": "1.0.0",
      "license": "ISC",
      "dependencies": {
        "gps-to-gpx": "^1.5.1"
      }
    },
    "node_modules/babel-runtime": {
      "version": "6.18.0",
      "resolved": "https://registry.npmjs.org/babel-runtime/-/babel-runtime-6.18.0.tgz",
      "integrity": "sha512-v7NCdzdD8DkDNmZfX4ZhOD9C573rbGnYtuxR1hKPPMf9eYNiopXXr9DnZ2KkiX5SO+mHAX2w815Piphb9UidZQ==",
      "dependencies": {
        "core-js": "^2.4.0",
        "regenerator-runtime": "^0.9.5"
      }
    },
    "node_modules/core-js": {
      "version": "2.6.12",
      "resolved": "https://registry.npmjs.org/core-js/-/core-js-2.6.12.tgz",
      "integrity": "sha512-Kb2wC0fvsWfQrgk8HU5lW6U/Lcs8+9aaYcy4ZFc6DDlo4nZ7n70dEgE5rtR0oG6ufKDUnrwfWL1mXR5ljDatrQ==",
      "deprecated": "core-js@<3.23.3 is no longer maintained and not recommended for usage due to the number of issues. Because of the V8 engine whims, feature detection in old core-js versions could cause a slowdown up to 100x even if nothing is polyfilled. Some versions have web compatibility issues. Please, upgrade your dependencies to the actual version of core-js.",
      "hasInstallScript": true
    },
    "node_modules/gps-to-gpx": {
      "version": "1.5.1",
      "resolved": "https://registry.npmjs.org/gps-to-gpx/-/gps-to-gpx-1.5.1.tgz",
      "integrity": "sha512-RFvVy+d+e+9LQjMe+ALslF224t0wF4Cwkf3E5EhiMTEfpEIXFWZSA8p/euTAuxxRsk83RCjcLAHBVmzqnn4fXA==",
      "dependencies": {
        "babel-runtime": "6.18.0",
        "loose-envify": "1.3.0",
        "xmlbuilder": "8.2.2"
      }
    },
    "node_modules/js-tokens": {
      "version": "2.0.0",
      "resolved": "https://registry.npmjs.org/js-tokens/-/js-tokens-2.0.0.tgz",
      "integrity": "sha512-kk4RjoztHFeAlCNPdTr/uF04oN5z53L18LJfADBQ7YHkO3iR2rP2ZwOH0n33r2FRw0psRmjTDEkOWPE//zmujg=="
    },
    "node_modules/loose-envify": {
      "version": "1.3.0",
      "resolved": "https://registry.npmjs.org/loose-envify/-/loose-envify-1.3.0.tgz",
      "integrity": "sha512-500ib3eg2h+w0xlKA5mcW1BxpB5EzgfK04rocSxP7JXnOHHAYD68iqObXKPyKvFmkdJT0ptUmm2IOyFSPtrCQg==",
      "dependencies": {
        "js-tokens": "^2.0.0"
      },
      "bin": {
        "loose-envify": "cli.js"
      }
    },
    "node_modules/regenerator-runtime": {
      "version": "0.9.6",
      "resolved": "https://registry.npmjs.org/regenerator-runtime/-/regenerator-runtime-0.9.6.tgz",
      "integrity": "sha512-D0Y/JJ4VhusyMOd/o25a3jdUqN/bC85EFsaoL9Oqmy/O4efCh+xhp7yj2EEOsj974qvMkcW8AwUzJ1jB/MbxCw=="
    },
    "node_modules/xmlbuilder": {
      "version": "8.2.2",
      "resolved": "https://registry.npmjs.org/xmlbuilder/-/xmlbuilder-8.2.2.tgz",
      "integrity": "sha512-eKRAFz04jghooy8muekqzo8uCSVNeyRedbuJrp0fovbLIi7wlsYtdUn3vBAAPq2Y3/0xMz2WMEUQ8yhVVO9Stw==",
      "engines": {
        "node": ">=4.0"
      }
    }
  },
  "dependencies": {
    "babel-runtime": {
      "version": "6.18.0",
      "resolved": "https://registry.npmjs.org/babel-runtime/-/babel-runtime-6.18.0.tgz",
      "integrity": "sha512-v7NCdzdD8DkDNmZfX4ZhOD9C573rbGnYtuxR1hKPPMf9eYNiopXXr9DnZ2KkiX5SO+mHAX2w815Piphb9UidZQ==",
      "requires": {
        "core-js": "^2.4.0",
        "regenerator-runtime": "^0.9.5"
      }
    },
    "core-js": {
      "version": "2.6.12",
      "resolved": "https://registry.npmjs.org/core-js/-/core-js-2.6.12.tgz",
      "integrity": "sha512-Kb2wC0fvsWfQrgk8HU5lW6U/Lcs8+9aaYcy4ZFc6DDlo4nZ7n70dEgE5rtR0oG6ufKDUnrwfWL1mXR5ljDatrQ=="
    },
    "gps-to-gpx": {
      "version": "1.5.1",
      "resolved": "https://registry.npmjs.org/gps-to-gpx/-/gps-to-gpx-1.5.1.tgz",
      "integrity": "sha512-RFvVy+d+e+9LQjMe+ALslF224t0wF4Cwkf3E5EhiMTEfpEIXFWZSA8p/euTAuxxRsk83RCjcLAHBVmzqnn4fXA==",
      "requires": {
        "babel-runtime": "6.18.0",
        "loose-envify": "1.3.0",
        "xmlbuilder": "8.2.2"
      }
    },
    "js-tokens": {
      "version": "2.0.0",
      "resolved": "https://registry.npmjs.org/js-tokens/-/js-tokens-2.0.0.tgz",
      "integrity": "sha512-kk4RjoztHFeAlCNPdTr/uF04oN5z53L18LJfADBQ7YHkO3iR2rP2ZwOH0n33r2FRw0psRmjTDEkOWPE//zmujg=="
    },
    "loose-envify": {
      "version": "1.3.0",
      "resolved": "https://registry.npmjs.org/loose-envify/-/loose-envify-1.3.0.tgz",
      "integrity": "sha512-500ib3eg2h+w0xlKA5mcW1BxpB5EzgfK04rocSxP7JXnOHHAYD68iqObXKPyKvFmkdJT0ptUmm2IOyFSPtrCQg==",
      "requires": {
        "js-tokens": "^2.0.0"
      }
    },
    "regenerator-runtime": {
      "version": "0.9.6",
      "resolved": "https://registry.npmjs.org/regenerator-runtime/-/regenerator-runtime-0.9.6.tgz",
      "integrity": "sha512-D0Y/JJ4VhusyMOd/o25a3jdUqN/bC85EFsaoL9Oqmy/O4efCh+xhp7yj2EEOsj974qvMkcW8AwUzJ1jB/MbxCw=="
    },
    "xmlbuilder": {
      "version": "8.2.2",
      "resolved": "https://registry.npmjs.org/xmlbuilder/-/xmlbuilder-8.2.2.tgz",
      "integrity": "sha512-eKRAFz04jghooy8muekqzo8uCSVNeyRedbuJrp0fovbLIi7wlsYtdUn3vBAAPq2Y3/0xMz2WMEUQ8yhVVO9Stw=="
    }
  }
}
